# @generated by Move, please check-in and do not edit manually.

[move]
version = 3
manifest_digest = "21CC356C48F6FF293CD6B95B6AB2A61AA97454DA8E2CDBD4E2353D99523B66BE"
deps_digest = "F9B494B64F0615AED0E98FC12A85B85ECD2BC5185C22D30E7F67786BB52E507C"
dependencies = [
  { id = "Bridge", name = "Bridge" },
  { id = "MoveStdlib", name = "MoveStdlib" },
  { id = "Sui", name = "Sui" },
  { id = "SuiSystem", name = "SuiSystem" },
]

[[move.package]]
id = "Bridge"
source = { git = "https://github.com/MystenLabs/sui.git", rev = "f63c9fc78e2171fa174dc43e757ded416c204558", subdir = "crates/sui-framework/packages/bridge" }

dependencies = [
  { id = "MoveStdlib", name = "MoveStdlib" },
  { id = "Sui", name = "Sui" },
  { id = "SuiSystem", name = "SuiSystem" },
]

[[move.package]]
id = "MoveStdlib"
source = { git = "https://github.com/MystenLabs/sui.git", rev = "f63c9fc78e2171fa174dc43e757ded416c204558", subdir = "crates/sui-framework/packages/move-stdlib" }

[[move.package]]
id = "Sui"
source = { git = "https://github.com/MystenLabs/sui.git", rev = "f63c9fc78e2171fa174dc43e757ded416c204558", subdir = "crates/sui-framework/packages/sui-framework" }

dependencies = [
  { id = "MoveStdlib", name = "MoveStdlib" },
]

[[move.package]]
id = "SuiSystem"
source = { git = "https://github.com/MystenLabs/sui.git", rev = "f63c9fc78e2171fa174dc43e757ded416c204558", subdir = "crates/sui-framework/packages/sui-system" }

dependencies = [
  { id = "MoveStdlib", name = "MoveStdlib" },
  { id = "Sui", name = "Sui" },
]

[move.toolchain-version]
compiler-version = "1.57.3"
edition = "2024.beta"
flavor = "sui"

[env]

[env.mainnet]
chain-id = "35834a8a"
original-published-id = "0x666eb9ee40bd5bb7da0e70c92ebcb98d1759d12b2041d581632d983e2ac69d09"
latest-published-id = "0x666eb9ee40bd5bb7da0e70c92ebcb98d1759d12b2041d581632d983e2ac69d09"
published-version = "1"

[env.testnet]
chain-id = "4c78adac"
original-published-id = "0x780070d00abc2dbab4ee58e0207391aa7be0bdb19d4db4d94d9c8bc709ee4142"
latest-published-id = "0x780070d00abc2dbab4ee58e0207391aa7be0bdb19d4db4d94d9c8bc709ee4142"
published-version = "1"
